
Microsoft Visual Studio Solution File, Format Version 12.00
# Visual Studio 15
Project("{FAE04EC0-301F-11D3-BF4B-00C04F79EFBC}") = "sc.stylizedwater2.editor", "sc.stylizedwater2.editor.csproj", "{5BB6502D-C8C4-B4D7-6C7D-D3355C19E970}"
EndProject
Project("{FAE04EC0-301F-11D3-BF4B-00C04F79EFBC}") = "Assembly-CSharp", "Assembly-CSharp.csproj", "{20B71582-A6C9-B0FF-6281-A7C6F4266715}"
EndProject
Project("{FAE04EC0-301F-11D3-BF4B-00C04F79EFBC}") = "sc.stylizedwater2.runtime", "sc.stylizedwater2.runtime.csproj", "{A7DF01D3-14B0-752D-4762-54046CE4749F}"
EndProject
Project("{FAE04EC0-301F-11D3-BF4B-00C04F79EFBC}") = "WxEditor", "WxEditor.csproj", "{78FACF32-16EB-F945-88A0-6231F64559BB}"
EndProject
Project("{FAE04EC0-301F-11D3-BF4B-00C04F79EFBC}") = "Wx", "Wx.csproj", "{A0728906-972E-12D9-9294-668DE5F795F1}"
EndProject
Global
	GlobalSection(SolutionConfigurationPlatforms) = preSolution
		Debug|Any CPU = Debug|Any CPU
		Release|Any CPU = Release|Any CPU
	EndGlobalSection
	GlobalSection(ProjectConfigurationPlatforms) = postSolution
		{5BB6502D-C8C4-B4D7-6C7D-D3355C19E970}.Debug|Any CPU.ActiveCfg = Debug|Any CPU
		{5BB6502D-C8C4-B4D7-6C7D-D3355C19E970}.Debug|Any CPU.Build.0 = Debug|Any CPU
		{5BB6502D-C8C4-B4D7-6C7D-D3355C19E970}.Release|Any CPU.ActiveCfg = Release|Any CPU
		{5BB6502D-C8C4-B4D7-6C7D-D3355C19E970}.Release|Any CPU.Build.0 = Release|Any CPU
		{20B71582-A6C9-B0FF-6281-A7C6F4266715}.Debug|Any CPU.ActiveCfg = Debug|Any CPU
		{20B71582-A6C9-B0FF-6281-A7C6F4266715}.Debug|Any CPU.Build.0 = Debug|Any CPU
		{20B71582-A6C9-B0FF-6281-A7C6F4266715}.Release|Any CPU.ActiveCfg = Release|Any CPU
		{20B71582-A6C9-B0FF-6281-A7C6F4266715}.Release|Any CPU.Build.0 = Release|Any CPU
		{A7DF01D3-14B0-752D-4762-54046CE4749F}.Debug|Any CPU.ActiveCfg = Debug|Any CPU
		{A7DF01D3-14B0-752D-4762-54046CE4749F}.Debug|Any CPU.Build.0 = Debug|Any CPU
		{A7DF01D3-14B0-752D-4762-54046CE4749F}.Release|Any CPU.ActiveCfg = Release|Any CPU
		{A7DF01D3-14B0-752D-4762-54046CE4749F}.Release|Any CPU.Build.0 = Release|Any CPU
		{78FACF32-16EB-F945-88A0-6231F64559BB}.Debug|Any CPU.ActiveCfg = Debug|Any CPU
		{78FACF32-16EB-F945-88A0-6231F64559BB}.Debug|Any CPU.Build.0 = Debug|Any CPU
		{78FACF32-16EB-F945-88A0-6231F64559BB}.Release|Any CPU.ActiveCfg = Release|Any CPU
		{78FACF32-16EB-F945-88A0-6231F64559BB}.Release|Any CPU.Build.0 = Release|Any CPU
		{A0728906-972E-12D9-9294-668DE5F795F1}.Debug|Any CPU.ActiveCfg = Debug|Any CPU
		{A0728906-972E-12D9-9294-668DE5F795F1}.Debug|Any CPU.Build.0 = Debug|Any CPU
		{A0728906-972E-12D9-9294-668DE5F795F1}.Release|Any CPU.ActiveCfg = Release|Any CPU
		{A0728906-972E-12D9-9294-668DE5F795F1}.Release|Any CPU.Build.0 = Release|Any CPU
	EndGlobalSection
	GlobalSection(SolutionProperties) = preSolution
		HideSolutionNode = FALSE
	EndGlobalSection
EndGlobal
